
Microsoft Visual Studio Solution File, Format Version 12.00
# Visual Studio Version 17
VisualStudioVersion = 17.6.33829.357
MinimumVisualStudioVersion = 10.0.40219.1
Project("{FAE04EC0-301F-11D3-BF4B-00C04F79EFBC}") = "Andretta.Library.Api", "Andretta.Library.Api\Andretta.Library.Api.csproj", "{B0AD76F5-D5E6-4586-A15A-611EE05DC32F}"
EndProject
Project("{FAE04EC0-301F-11D3-BF4B-00C04F79EFBC}") = "Andretta.Library.Business", "Andretta.Library.Business\Andretta.Library.Business.csproj", "{C9ECA950-2FD4-4097-B965-972C85EE8C98}"
EndProject
Project("{FAE04EC0-301F-11D3-BF4B-00C04F79EFBC}") = "Andretta.Library.Database", "Andretta.Library.Database\Andretta.Library.Database.csproj", "{BA1DEF6A-43AF-458F-9794-61F9D5881697}"
EndProject
Global
	GlobalSection(SolutionConfigurationPlatforms) = preSolution
		Debug|Any CPU = Debug|Any CPU
		Release|Any CPU = Release|Any CPU
	EndGlobalSection
	GlobalSection(ProjectConfigurationPlatforms) = postSolution
		{B0AD76F5-D5E6-4586-A15A-611EE05DC32F}.Debug|Any CPU.ActiveCfg = Debug|Any CPU
		{B0AD76F5-D5E6-4586-A15A-611EE05DC32F}.Debug|Any CPU.Build.0 = Debug|Any CPU
		{B0AD76F5-D5E6-4586-A15A-611EE05DC32F}.Release|Any CPU.ActiveCfg = Release|Any CPU
		{B0AD76F5-D5E6-4586-A15A-611EE05DC32F}.Release|Any CPU.Build.0 = Release|Any CPU
		{C9ECA950-2FD4-4097-B965-972C85EE8C98}.Debug|Any CPU.ActiveCfg = Debug|Any CPU
		{C9ECA950-2FD4-4097-B965-972C85EE8C98}.Debug|Any CPU.Build.0 = Debug|Any CPU
		{C9ECA950-2FD4-4097-B965-972C85EE8C98}.Release|Any CPU.ActiveCfg = Release|Any CPU
		{C9ECA950-2FD4-4097-B965-972C85EE8C98}.Release|Any CPU.Build.0 = Release|Any CPU
		{BA1DEF6A-43AF-458F-9794-61F9D5881697}.Debug|Any CPU.ActiveCfg = Debug|Any CPU
		{BA1DEF6A-43AF-458F-9794-61F9D5881697}.Debug|Any CPU.Build.0 = Debug|Any CPU
		{BA1DEF6A-43AF-458F-9794-61F9D5881697}.Release|Any CPU.ActiveCfg = Release|Any CPU
		{BA1DEF6A-43AF-458F-9794-61F9D5881697}.Release|Any CPU.Build.0 = Release|Any CPU
	EndGlobalSection
	GlobalSection(SolutionProperties) = preSolution
		HideSolutionNode = FALSE
	EndGlobalSection
	GlobalSection(ExtensibilityGlobals) = postSolution
		SolutionGuid = {2292C131-83B4-4915-A06A-C56749EF20D9}
	EndGlobalSection
EndGlobal
